
Microsoft Visual Studio Solution File, Format Version 12.00
# Visual Studio Version 17
VisualStudioVersion = 17.13.35825.156 d17.13
MinimumVisualStudioVersion = 10.0.40219.1
Project("{888888A0-9F3D-457C-B088-3A5042F75D52}") = "BottleWebProject_C224_2_SYYZ", "BottleWebProject_C224_2_SYYZ\BottleWebProject_C224_2_SYYZ.pyproj", "{4CC459F1-AF5F-400A-B109-4BE2D254BDB4}"
EndProject
Global
	GlobalSection(SolutionConfigurationPlatforms) = preSolution
		Debug|Any CPU = Debug|Any CPU
		Release|Any CPU = Release|Any CPU
	EndGlobalSection
	GlobalSection(ProjectConfigurationPlatforms) = postSolution
		{4CC459F1-AF5F-400A-B109-4BE2D254BDB4}.Debug|Any CPU.ActiveCfg = Debug|Any CPU
		{4CC459F1-AF5F-400A-B109-4BE2D254BDB4}.Debug|Any CPU.Build.0 = Debug|Any CPU
		{4CC459F1-AF5F-400A-B109-4BE2D254BDB4}.Release|Any CPU.ActiveCfg = Release|Any CPU
		{4CC459F1-AF5F-400A-B109-4BE2D254BDB4}.Release|Any CPU.Build.0 = Release|Any CPU
	EndGlobalSection
	GlobalSection(SolutionProperties) = preSolution
		HideSolutionNode = FALSE
	EndGlobalSection
	GlobalSection(ExtensibilityGlobals) = postSolution
		SolutionGuid = {30635ED9-17D5-4502-B8F8-EF87759C1783}
	EndGlobalSection
EndGlobal
